// !$*UTF8*$!
{
	archiveVersion = 1;
	classes = {
	};
	objectVersion = 56;
	objects = {

/* Begin PBXBuildFile section */
		D0B5EFBF2BC6A9720007D19C /* AppDelegate.swift in Sources */ = {isa = PBXBuildFile; fileRef = D0B5EFBE2BC6A9720007D19C /* AppDelegate.swift */; };
		D0B5EFC12BC6A9720007D19C /* SceneDelegate.swift in Sources */ = {isa = PBXBuildFile; fileRef = D0B5EFC02BC6A9720007D19C /* SceneDelegate.swift */; };
		D0B5EFC82BC6A9730007D19C /* Assets.xcassets in Resources */ = {isa = PBXBuildFile; fileRef = D0B5EFC72BC6A9730007D19C /* Assets.xcassets */; };
		D0B5EFCB2BC6A9730007D19C /* Base in Resources */ = {isa = PBXBuildFile; fileRef = D0B5EFCA2BC6A9730007D19C /* Base */; };
		D0B5EFD42BC6D3120007D19C /* MainPageVC.swift in Sources */ = {isa = PBXBuildFile; fileRef = D0B5EFD32BC6D3120007D19C /* MainPageVC.swift */; };
		D0B5EFD62BC6D3320007D19C /* DescriptionPageVC.swift in Sources */ = {isa = PBXBuildFile; fileRef = D0B5EFD52BC6D3320007D19C /* DescriptionPageVC.swift */; };
		D0B5EFD82BC6D3560007D19C /* OppositeSignPageVC.swift in Sources */ = {isa = PBXBuildFile; fileRef = D0B5EFD72BC6D3560007D19C /* OppositeSignPageVC.swift */; };
/* End PBXBuildFile section */

/* Begin PBXFileReference section */
		D0B5EFBB2BC6A9720007D19C /* UIKITHomeWork4.app */ = {isa = PBXFileReference; explicitFileType = wrapper.application; includeInIndex = 0; path = UIKITHomeWork4.app; sourceTree = BUILT_PRODUCTS_DIR; };
		D0B5EFBE2BC6A9720007D19C /* AppDelegate.swift */ = {isa = PBXFileReference; lastKnownFileType = sourcecode.swift; path = AppDelegate.swift; sourceTree = "<group>"; };
		D0B5EFC02BC6A9720007D19C /* SceneDelegate.swift */ = {isa = PBXFileReference; lastKnownFileType = sourcecode.swift; path = SceneDelegate.swift; sourceTree = "<group>"; };
		D0B5EFC72BC6A9730007D19C /* Assets.xcassets */ = {isa = PBXFileReference; lastKnownFileType = folder.assetcatalog; path = Assets.xcassets; sourceTree = "<group>"; };
		D0B5EFCA2BC6A9730007D19C /* Base */ = {isa = PBXFileReference; lastKnownFileType = file.storyboard; name = Base; path = Base.lproj/LaunchScreen.storyboard; sourceTree = "<group>"; };
		D0B5EFCC2BC6A9730007D19C /* Info.plist */ = {isa = PBXFileReference; lastKnownFileType = text.plist.xml; path = Info.plist; sourceTree = "<group>"; };
		D0B5EFD32BC6D3120007D19C /* MainPageVC.swift */ = {isa = PBXFileReference; lastKnownFileType = sourcecode.swift; path = MainPageVC.swift; sourceTree = "<group>"; };
		D0B5EFD52BC6D3320007D19C /* DescriptionPageVC.swift */ = {isa = PBXFileReference; lastKnownFileType = sourcecode.swift; path = DescriptionPageVC.swift; sourceTree = "<group>"; };
		D0B5EFD72BC6D3560007D19C /* OppositeSignPageVC.swift */ = {isa = PBXFileReference; lastKnownFileType = sourcecode.swift; path = OppositeSignPageVC.swift; sourceTree = "<group>"; };
/* End PBXFileReference section */

/* Begin PBXFrameworksBuildPhase section */
		D0B5EFB82BC6A9720007D19C /* Frameworks */ = {
			isa = PBXFrameworksBuildPhase;
			buildActionMask = 2147483647;
			files = (
			);
			runOnlyForDeploymentPostprocessing = 0;
		};
/* End PBXFrameworksBuildPhase section */

/* Begin PBXGroup section */
		D0B5EFB22BC6A9720007D19C = {
			isa = PBXGroup;
			children = (
				D0B5EFBD2BC6A9720007D19C /* UIKITHomeWork4 */,
				D0B5EFBC2BC6A9720007D19C /* Products */,
			);
			sourceTree = "<group>";
		};
		D0B5EFBC2BC6A9720007D19C /* Products */ = {
			isa = PBXGroup;
			children = (
				D0B5EFBB2BC6A9720007D19C /* UIKITHomeWork4.app */,
			);
			name = Products;
			sourceTree = "<group>";
		};
		D0B5EFBD2BC6A9720007D19C /* UIKITHomeWork4 */ = {
			isa = PBXGroup;
			children = (
				D0B5EFBE2BC6A9720007D19C /* AppDelegate.swift */,
				D0B5EFC02BC6A9720007D19C /* SceneDelegate.swift */,
				D0B5EFD22BC6D2AD0007D19C /* controlles */,
				D0B5EFC72BC6A9730007D19C /* Assets.xcassets */,
				D0B5EFC92BC6A9730007D19C /* LaunchScreen.storyboard */,
				D0B5EFCC2BC6A9730007D19C /* Info.plist */,
			);
			path = UIKITHomeWork4;
			sourceTree = "<group>";
		};
		D0B5EFD22BC6D2AD0007D19C /* controlles */ = {
			isa = PBXGroup;
			children = (
				D0B5EFD32BC6D3120007D19C /* MainPageVC.swift */,
				D0B5EFD52BC6D3320007D19C /* DescriptionPageVC.swift */,
				D0B5EFD72BC6D3560007D19C /* OppositeSignPageVC.swift */,
			);
			path = controlles;
			sourceTree = "<group>";
		};
/* End PBXGroup section */

/* Begin PBXNativeTarget section */
		D0B5EFBA2BC6A9720007D19C /* UIKITHomeWork4 */ = {
			isa = PBXNativeTarget;
			buildConfigurationList = D0B5EFCF2BC6A9730007D19C /* Build configuration list for PBXNativeTarget "UIKITHomeWork4" */;
			buildPhases = (
				D0B5EFB72BC6A9720007D19C /* Sources */,
				D0B5EFB82BC6A9720007D19C /* Frameworks */,
				D0B5EFB92BC6A9720007D19C /* Resources */,
			);
			buildRules = (
			);
			dependencies = (
			);
			name = UIKITHomeWork4;
			productName = UIKITHomeWork4;
			productReference = D0B5EFBB2BC6A9720007D19C /* UIKITHomeWork4.app */;
			productType = "com.apple.product-type.application";
		};
/* End PBXNativeTarget section */

/* Begin PBXProject section */
		D0B5EFB32BC6A9720007D19C /* Project object */ = {
			isa = PBXProject;
			attributes = {
				BuildIndependentTargetsInParallel = 1;
				LastSwiftUpdateCheck = 1530;
				LastUpgradeCheck = 1530;
				TargetAttributes = {
					D0B5EFBA2BC6A9720007D19C = {
						CreatedOnToolsVersion = 15.3;
					};
				};
			};
			buildConfigurationList = D0B5EFB62BC6A9720007D19C /* Build configuration list for PBXProject "UIKITHomeWork4" */;
			compatibilityVersion = "Xcode 14.0";
			developmentRegion = en;
			hasScannedForEncodings = 0;
			knownRegions = (
				en,
				Base,
			);
			mainGroup = D0B5EFB22BC6A9720007D19C;
			productRefGroup = D0B5EFBC2BC6A9720007D19C /* Products */;
			projectDirPath = "";
			projectRoot = "";
			targets = (
				D0B5EFBA2BC6A9720007D19C /* UIKITHomeWork4 */,
			);
		};
/* End PBXProject section */

/* Begin PBXResourcesBuildPhase section */
		D0B5EFB92BC6A9720007D19C /* Resources */ = {
			isa = PBXResourcesBuildPhase;
			buildActionMask = 2147483647;
			files = (
				D0B5EFC82BC6A9730007D19C /* Assets.xcassets in Resources */,
				D0B5EFCB2BC6A9730007D19C /* Base in Resources */,
			);
			runOnlyForDeploymentPostprocessing = 0;
		};
/* End PBXResourcesBuildPhase section */

/* Begin PBXSourcesBuildPhase section */
		D0B5EFB72BC6A9720007D19C /* Sources */ = {
			isa = PBXSourcesBuildPhase;
			buildActionMask = 2147483647;
			files = (
				D0B5EFD62BC6D3320007D19C /* DescriptionPageVC.swift in Sources */,
				D0B5EFD42BC6D3120007D19C /* MainPageVC.swift in Sources */,
				D0B5EFBF2BC6A9720007D19C /* AppDelegate.swift in Sources */,
				D0B5EFD82BC6D3560007D19C /* OppositeSignPageVC.swift in Sources */,
				D0B5EFC12BC6A9720007D19C /* SceneDelegate.swift in Sources */,
			);
			runOnlyForDeploymentPostprocessing = 0;
		};
/* End PBXSourcesBuildPhase section */

/* Begin PBXVariantGroup section */
		D0B5EFC92BC6A9730007D19C /* LaunchScreen.storyboard */ = {
			isa = PBXVariantGroup;
			children = (
				D0B5EFCA2BC6A9730007D19C /* Base */,
			);
			name = LaunchScreen.storyboard;
			sourceTree = "<group>";
		};
/* End PBXVariantGroup section */

/* Begin XCBuildConfiguration section */
		D0B5EFCD2BC6A9730007D19C /* Debug */ = {
			isa = XCBuildConfiguration;
			buildSettings = {
				ALWAYS_SEARCH_USER_PATHS = NO;
				ASSETCATALOG_COMPILER_GENERATE_SWIFT_ASSET_SYMBOL_EXTENSIONS = YES;
				CLANG_ANALYZER_NONNULL = YES;
				CLANG_ANALYZER_NUMBER_OBJECT_CONVERSION = YES_AGGRESSIVE;
				CLANG_CXX_LANGUAGE_STANDARD = "gnu++20";
				CLANG_ENABLE_MODULES = YES;
				CLANG_ENABLE_OBJC_ARC = YES;
				CLANG_ENABLE_OBJC_WEAK = YES;
				CLANG_WARN_BLOCK_CAPTURE_AUTORELEASING = YES;
				CLANG_WARN_BOOL_CONVERSION = YES;
				CLANG_WARN_COMMA = YES;
				CLANG_WARN_CONSTANT_CONVERSION = YES;
				CLANG_WARN_DEPRECATED_OBJC_IMPLEMENTATIONS = YES;
				CLANG_WARN_DIRECT_OBJC_ISA_USAGE = YES_ERROR;
				CLANG_WARN_DOCUMENTATION_COMMENTS = YES;
				CLANG_WARN_EMPTY_BODY = YES;
				CLANG_WARN_ENUM_CONVERSION = YES;
				CLANG_WARN_INFINITE_RECURSION = YES;
				CLANG_WARN_INT_CONVERSION = YES;
				CLANG_WARN_NON_LITERAL_NULL_CONVERSION = YES;
				CLANG_WARN_OBJC_IMPLICIT_RETAIN_SELF = YES;
				CLANG_WARN_OBJC_LITERAL_CONVERSION = YES;
				CLANG_WARN_OBJC_ROOT_CLASS = YES_ERROR;
				CLANG_WARN_QUOTED_INCLUDE_IN_FRAMEWORK_HEADER = YES;
				CLANG_WARN_RANGE_LOOP_ANALYSIS = YES;
				CLANG_WARN_STRICT_PROTOTYPES = YES;
				CLANG_WARN_SUSPICIOUS_MOVE = YES;
				CLANG_WARN_UNGUARDED_AVAILABILITY = YES_AGGRESSIVE;
				CLANG_WARN_UNREACHABLE_CODE = YES;
				CLANG_WARN__DUPLICATE_METHOD_MATCH = YES;
				COPY_PHASE_STRIP = NO;
				DEBUG_INFORMATION_FORMAT = dwarf;
				ENABLE_STRICT_OBJC_MSGSEND = YES;
				ENABLE_TESTABILITY = YES;
				ENABLE_USER_SCRIPT_SANDBOXING = YES;
				GCC_C_LANGUAGE_STANDARD = gnu17;
				GCC_DYNAMIC_NO_PIC = NO;
				GCC_NO_COMMON_BLOCKS = YES;
				GCC_OPTIMIZATION_LEVEL = 0;
				GCC_PREPROCESSOR_DEFINITIONS = (
					"DEBUG=1",
					"$(inherited)",
				);
				GCC_WARN_64_TO_32_BIT_CONVERSION = YES;
				GCC_WARN_ABOUT_RETURN_TYPE = YES_ERROR;
				GCC_WARN_UNDECLARED_SELECTOR = YES;
				GCC_WARN_UNINITIALIZED_AUTOS = YES_AGGRESSIVE;
				GCC_WARN_UNUSED_FUNCTION = YES;
				GCC_WARN_UNUSED_VARIABLE = YES;
				IPHONEOS_DEPLOYMENT_TARGET = 17.4;
				LOCALIZATION_PREFERS_STRING_CATALOGS = YES;
				MTL_ENABLE_DEBUG_INFO = INCLUDE_SOURCE;
				MTL_FAST_MATH = YES;
				ONLY_ACTIVE_ARCH = YES;
				SDKROOT = iphoneos;
				SWIFT_ACTIVE_COMPILATION_CONDITIONS = "DEBUG $(inherited)";
				SWIFT_OPTIMIZATION_LEVEL = "-Onone";
			};
			name = Debug;
		};
		D0B5EFCE2BC6A9730007D19C /* Release */ = {
			isa = XCBuildConfiguration;
			buildSettings = {
				ALWAYS_SEARCH_USER_PATHS = NO;
				ASSETCATALOG_COMPILER_GENERATE_SWIFT_ASSET_SYMBOL_EXTENSIONS = YES;
				CLANG_ANALYZER_NONNULL = YES;
				CLANG_ANALYZER_NUMBER_OBJECT_CONVERSION = YES_AGGRESSIVE;
				CLANG_CXX_LANGUAGE_STANDARD = "gnu++20";
				CLANG_ENABLE_MODULES = YES;
				CLANG_ENABLE_OBJC_ARC = YES;
				CLANG_ENABLE_OBJC_WEAK = YES;
				CLANG_WARN_BLOCK_CAPTURE_AUTORELEASING = YES;
				CLANG_WARN_BOOL_CONVERSION = YES;
				CLANG_WARN_COMMA = YES;
				CLANG_WARN_CONSTANT_CONVERSION = YES;
				CLANG_WARN_DEPRECATED_OBJC_IMPLEMENTATIONS = YES;
				CLANG_WARN_DIRECT_OBJC_ISA_USAGE = YES_ERROR;
				CLANG_WARN_DOCUMENTATION_COMMENTS = YES;
				CLANG_WARN_EMPTY_BODY = YES;
				CLANG_WARN_ENUM_CONVERSION = YES;
				CLANG_WARN_INFINITE_RECURSION = YES;
				CLANG_WARN_INT_CONVERSION = YES;
				CLANG_WARN_NON_LITERAL_NULL_CONVERSION = YES;
				CLANG_WARN_OBJC_IMPLICIT_RETAIN_SELF = YES;
				CLANG_WARN_OBJC_LITERAL_CONVERSION = YES;
				CLANG_WARN_OBJC_ROOT_CLASS = YES_ERROR;
				CLANG_WARN_QUOTED_INCLUDE_IN_FRAMEWORK_HEADER = YES;
				CLANG_WARN_RANGE_LOOP_ANALYSIS = YES;
				CLANG_WARN_STRICT_PROTOTYPES = YES;
				CLANG_WARN_SUSPICIOUS_MOVE = YES;
				CLANG_WARN_UNGUARDED_AVAILABILITY = YES_AGGRESSIVE;
				CLANG_WARN_UNREACHABLE_CODE = YES;
				CLANG_WARN__DUPLICATE_METHOD_MATCH = YES;
				COPY_PHASE_STRIP = NO;
				DEBUG_INFORMATION_FORMAT = "dwarf-with-dsym";
				ENABLE_NS_ASSERTIONS = NO;
				ENABLE_STRICT_OBJC_MSGSEND = YES;
				ENABLE_USER_SCRIPT_SANDBOXING = YES;
				GCC_C_LANGUAGE_STANDARD = gnu17;
				GCC_NO_COMMON_BLOCKS = YES;
				GCC_WARN_64_TO_32_BIT_CONVERSION = YES;
				GCC_WARN_ABOUT_RETURN_TYPE = YES_ERROR;
				GCC_WARN_UNDECLARED_SELECTOR = YES;
				GCC_WARN_UNINITIALIZED_AUTOS = YES_AGGRESSIVE;
				GCC_WARN_UNUSED_FUNCTION = YES;
				GCC_WARN_UNUSED_VARIABLE = YES;
				IPHONEOS_DEPLOYMENT_TARGET = 17.4;
				LOCALIZATION_PREFERS_STRING_CATALOGS = YES;
				MTL_ENABLE_DEBUG_INFO = NO;
				MTL_FAST_MATH = YES;
				SDKROOT = iphoneos;
				SWIFT_COMPILATION_MODE = wholemodule;
				VALIDATE_PRODUCT = YES;
			};
			name = Release;
		};
		D0B5EFD02BC6A9730007D19C /* Debug */ = {
			isa = XCBuildConfiguration;
			buildSettings = {
				ASSETCATALOG_COMPILER_APPICON_NAME = AppIcon;
				ASSETCATALOG_COMPILER_GLOBAL_ACCENT_COLOR_NAME = AccentColor;
				CODE_SIGN_STYLE = Automatic;
				CURRENT_PROJECT_VERSION = 1;
				DEVELOPMENT_TEAM = BUWU6XCAQ7;
				GENERATE_INFOPLIST_FILE = YES;
				INFOPLIST_FILE = UIKITHomeWork4/Info.plist;
				INFOPLIST_KEY_UIApplicationSupportsIndirectInputEvents = YES;
				INFOPLIST_KEY_UILaunchStoryboardName = LaunchScreen;
				INFOPLIST_KEY_UISupportedInterfaceOrientations_iPad = "UIInterfaceOrientationPortrait UIInterfaceOrientationPortraitUpsideDown UIInterfaceOrientationLandscapeLeft UIInterfaceOrientationLandscapeRight";
				INFOPLIST_KEY_UISupportedInterfaceOrientations_iPhone = "UIInterfaceOrientationPortrait UIInterfaceOrientationLandscapeLeft UIInterfaceOrientationLandscapeRight";
				LD_RUNPATH_SEARCH_PATHS = (
					"$(inherited)",
					"@executable_path/Frameworks",
				);
				MARKETING_VERSION = 1.0;
				PRODUCT_BUNDLE_IDENTIFIER = ge.academy.UIKITHomeWork4;
				PRODUCT_NAME = "$(TARGET_NAME)";
				SWIFT_EMIT_LOC_STRINGS = YES;
				SWIFT_VERSION = 5.0;
				TARGETED_DEVICE_FAMILY = "1,2";
			};
			name = Debug;
		};
		D0B5EFD12BC6A9730007D19C /* Release */ = {
			isa = XCBuildConfiguration;
			buildSettings = {
				ASSETCATALOG_COMPILER_APPICON_NAME = AppIcon;
				ASSETCATALOG_COMPILER_GLOBAL_ACCENT_COLOR_NAME = AccentColor;
				CODE_SIGN_STYLE = Automatic;
				CURRENT_PROJECT_VERSION = 1;
				DEVELOPMENT_TEAM = BUWU6XCAQ7;
				GENERATE_INFOPLIST_FILE = YES;
				INFOPLIST_FILE = UIKITHomeWork4/Info.plist;
				INFOPLIST_KEY_UIApplicationSupportsIndirectInputEvents = YES;
				INFOPLIST_KEY_UILaunchStoryboardName = LaunchScreen;
				INFOPLIST_KEY_UISupportedInterfaceOrientations_iPad = "UIInterfaceOrientationPortrait UIInterfaceOrientationPortraitUpsideDown UIInterfaceOrientationLandscapeLeft UIInterfaceOrientationLandscapeRight";
				INFOPLIST_KEY_UISupportedInterfaceOrientations_iPhone = "UIInterfaceOrientationPortrait UIInterfaceOrientationLandscapeLeft UIInterfaceOrientationLandscapeRight";
				LD_RUNPATH_SEARCH_PATHS = (
					"$(inherited)",
					"@executable_path/Frameworks",
				);
				MARKETING_VERSION = 1.0;
				PRODUCT_BUNDLE_IDENTIFIER = ge.academy.UIKITHomeWork4;
				PRODUCT_NAME = "$(TARGET_NAME)";
				SWIFT_EMIT_LOC_STRINGS = YES;
				SWIFT_VERSION = 5.0;
				TARGETED_DEVICE_FAMILY = "1,2";
			};
			name = Release;
		};
/* End XCBuildConfiguration section */

/* Begin XCConfigurationList section */
		D0B5EFB62BC6A9720007D19C /* Build configuration list for PBXProject "UIKITHomeWork4" */ = {
			isa = XCConfigurationList;
			buildConfigurations = (
				D0B5EFCD2BC6A9730007D19C /* Debug */,
				D0B5EFCE2BC6A9730007D19C /* Release */,
			);
			defaultConfigurationIsVisible = 0;
			defaultConfigurationName = Release;
		};
		D0B5EFCF2BC6A9730007D19C /* Build configuration list for PBXNativeTarget "UIKITHomeWork4" */ = {
			isa = XCConfigurationList;
			buildConfigurations = (
				D0B5EFD02BC6A9730007D19C /* Debug */,
				D0B5EFD12BC6A9730007D19C /* Release */,
			);
			defaultConfigurationIsVisible = 0;
			defaultConfigurationName = Release;
		};
/* End XCConfigurationList section */
	};
	rootObject = D0B5EFB32BC6A9720007D19C /* Project object */;
}
